
Microsoft Visual Studio Solution File, Format Version 12.00
# Visual Studio Version 16
VisualStudioVersion = 16.0.31624.102
MinimumVisualStudioVersion = 10.0.40219.1
Project("{FAE04EC0-301F-11D3-BF4B-00C04F79EFBC}") = "DataStructures", "DataStructures.csproj", "{48C28D24-81DD-4663-AFBF-BB917F9E5025}"
EndProject
Project("{FAE04EC0-301F-11D3-BF4B-00C04F79EFBC}") = "DS_ArrayList", "..\DS_ArrayList\DS_ArrayList.csproj", "{8658BA9C-F719-4523-BA11-F28DE8E7D15E}"
EndProject
Global
	GlobalSection(SolutionConfigurationPlatforms) = preSolution
		Debug|Any CPU = Debug|Any CPU
		Release|Any CPU = Release|Any CPU
	EndGlobalSection
	GlobalSection(ProjectConfigurationPlatforms) = postSolution
		{48C28D24-81DD-4663-AFBF-BB917F9E5025}.Debug|Any CPU.ActiveCfg = Debug|Any CPU
		{48C28D24-81DD-4663-AFBF-BB917F9E5025}.Debug|Any CPU.Build.0 = Debug|Any CPU
		{48C28D24-81DD-4663-AFBF-BB917F9E5025}.Release|Any CPU.ActiveCfg = Release|Any CPU
		{48C28D24-81DD-4663-AFBF-BB917F9E5025}.Release|Any CPU.Build.0 = Release|Any CPU
		{8658BA9C-F719-4523-BA11-F28DE8E7D15E}.Debug|Any CPU.ActiveCfg = Debug|Any CPU
		{8658BA9C-F719-4523-BA11-F28DE8E7D15E}.Debug|Any CPU.Build.0 = Debug|Any CPU
		{8658BA9C-F719-4523-BA11-F28DE8E7D15E}.Release|Any CPU.ActiveCfg = Release|Any CPU
		{8658BA9C-F719-4523-BA11-F28DE8E7D15E}.Release|Any CPU.Build.0 = Release|Any CPU
	EndGlobalSection
	GlobalSection(SolutionProperties) = preSolution
		HideSolutionNode = FALSE
	EndGlobalSection
	GlobalSection(ExtensibilityGlobals) = postSolution
		SolutionGuid = {7B577489-5994-4642-8B6A-B415D952E8C3}
	EndGlobalSection
EndGlobal
