
Microsoft Visual Studio Solution File, Format Version 12.00
# Visual Studio Version 16
VisualStudioVersion = 16.0.31624.102
MinimumVisualStudioVersion = 10.0.40219.1
Project("{FAE04EC0-301F-11D3-BF4B-00C04F79EFBC}") = "WebBrowser_DCU", "WebBrowser_DCU.csproj", "{DE4D911A-B4D6-4BB8-9A69-C26929282A09}"
EndProject
Global
	GlobalSection(SolutionConfigurationPlatforms) = preSolution
		Debug|Any CPU = Debug|Any CPU
		Release|Any CPU = Release|Any CPU
	EndGlobalSection
	GlobalSection(ProjectConfigurationPlatforms) = postSolution
		{DE4D911A-B4D6-4BB8-9A69-C26929282A09}.Debug|Any CPU.ActiveCfg = Debug|Any CPU
		{DE4D911A-B4D6-4BB8-9A69-C26929282A09}.Debug|Any CPU.Build.0 = Debug|Any CPU
		{DE4D911A-B4D6-4BB8-9A69-C26929282A09}.Release|Any CPU.ActiveCfg = Release|Any CPU
		{DE4D911A-B4D6-4BB8-9A69-C26929282A09}.Release|Any CPU.Build.0 = Release|Any CPU
	EndGlobalSection
	GlobalSection(SolutionProperties) = preSolution
		HideSolutionNode = FALSE
	EndGlobalSection
	GlobalSection(ExtensibilityGlobals) = postSolution
		SolutionGuid = {4FA85589-CAAA-4343-9168-8B2C4E466EF3}
	EndGlobalSection
EndGlobal
