
Microsoft Visual Studio Solution File, Format Version 12.00
# Visual Studio Version 16
VisualStudioVersion = 16.0.31624.102
MinimumVisualStudioVersion = 10.0.40219.1
Project("{FAE04EC0-301F-11D3-BF4B-00C04F79EFBC}") = "ConsoleApp1", "ConsoleApp1\ConsoleApp1.csproj", "{4F49E0BA-134E-4C50-9BED-4E061C56A385}"
EndProject
Project("{FAE04EC0-301F-11D3-BF4B-00C04F79EFBC}") = "Layers", "Layers\Layers.csproj", "{498C4CFB-368E-4642-92E1-58EED090D9A6}"
EndProject
Global
	GlobalSection(SolutionConfigurationPlatforms) = preSolution
		Debug|Any CPU = Debug|Any CPU
		Release|Any CPU = Release|Any CPU
	EndGlobalSection
	GlobalSection(ProjectConfigurationPlatforms) = postSolution
		{4F49E0BA-134E-4C50-9BED-4E061C56A385}.Debug|Any CPU.ActiveCfg = Debug|Any CPU
		{4F49E0BA-134E-4C50-9BED-4E061C56A385}.Debug|Any CPU.Build.0 = Debug|Any CPU
		{4F49E0BA-134E-4C50-9BED-4E061C56A385}.Release|Any CPU.ActiveCfg = Release|Any CPU
		{4F49E0BA-134E-4C50-9BED-4E061C56A385}.Release|Any CPU.Build.0 = Release|Any CPU
		{498C4CFB-368E-4642-92E1-58EED090D9A6}.Debug|Any CPU.ActiveCfg = Debug|Any CPU
		{498C4CFB-368E-4642-92E1-58EED090D9A6}.Debug|Any CPU.Build.0 = Debug|Any CPU
		{498C4CFB-368E-4642-92E1-58EED090D9A6}.Release|Any CPU.ActiveCfg = Release|Any CPU
		{498C4CFB-368E-4642-92E1-58EED090D9A6}.Release|Any CPU.Build.0 = Release|Any CPU
	EndGlobalSection
	GlobalSection(SolutionProperties) = preSolution
		HideSolutionNode = FALSE
	EndGlobalSection
	GlobalSection(ExtensibilityGlobals) = postSolution
		SolutionGuid = {F0E101EE-D07F-4257-8E5C-4CFF4BB15501}
	EndGlobalSection
EndGlobal
